{
  "name": "my-project",
  "lockfileVersion": 2,
  "requires": true,
  "packages": {
    "": {
      "name": "my-project",
      "devDependencies": {
        "gul": "^1.0.0"
      }
    },
    "node_modules/gul": {
      "version": "1.0.0",
      "resolved": "https://registry.npmjs.org/gul/-/gul-1.0.0.tgz",
      "integrity": "sha512-eRiJt5PC7fNxo5G1YkVnYL+uP11ny9bz4LeTnk5x3phB9J8sCSLzVg0lWoOHX2+9RqX3CQtUKvhGJWLDatrXKQ==",
      "dev": true
    }
  },
  "dependencies": {
    "gul": {
      "version": "1.0.0",
      "resolved": "https://registry.npmjs.org/gul/-/gul-1.0.0.tgz",
      "integrity": "sha512-eRiJt5PC7fNxo5G1YkVnYL+uP11ny9bz4LeTnk5x3phB9J8sCSLzVg0lWoOHX2+9RqX3CQtUKvhGJWLDatrXKQ==",
      "dev": true
    }
  }
}
